
Microsoft Visual Studio Solution File, Format Version 12.00
# Visual Studio Version 17
VisualStudioVersion = 17.2.32519.379
MinimumVisualStudioVersion = 10.0.40219.1
Project("{9A19103F-16F7-4668-BE54-9A1E7A4F7556}") = "Vts.Gui.Wpf", "Vts.Gui.Wpf\Vts.Gui.Wpf.csproj", "{76E7AD7F-7526-48E4-A567-D678786B7CD7}"
EndProject
Project("{9A19103F-16F7-4668-BE54-9A1E7A4F7556}") = "Vts.Gui.Wpf.Test", "Vts.Gui.Wpf.Test\Vts.Gui.Wpf.Test.csproj", "{8EDF4429-251A-416D-BB68-93F227191BCF}"
EndProject
Global
	GlobalSection(SolutionConfigurationPlatforms) = preSolution
		Debug|Any CPU = Debug|Any CPU
		Debug|Mixed Platforms = Debug|Mixed Platforms
		Debug|Win32 = Debug|Win32
		Debug|x86 = Debug|x86
		Release|Any CPU = Release|Any CPU
		Release|Mixed Platforms = Release|Mixed Platforms
		Release|Win32 = Release|Win32
		Release|x86 = Release|x86
		WhiteList|Any CPU = WhiteList|Any CPU
		WhiteList|Mixed Platforms = WhiteList|Mixed Platforms
		WhiteList|Win32 = WhiteList|Win32
		WhiteList|x86 = WhiteList|x86
	EndGlobalSection
	GlobalSection(ProjectConfigurationPlatforms) = postSolution
		{76E7AD7F-7526-48E4-A567-D678786B7CD7}.Debug|Any CPU.ActiveCfg = Debug|Any CPU
		{76E7AD7F-7526-48E4-A567-D678786B7CD7}.Debug|Any CPU.Build.0 = Debug|Any CPU
		{76E7AD7F-7526-48E4-A567-D678786B7CD7}.Debug|Mixed Platforms.ActiveCfg = Debug|Any CPU
		{76E7AD7F-7526-48E4-A567-D678786B7CD7}.Debug|Mixed Platforms.Build.0 = Debug|Any CPU
		{76E7AD7F-7526-48E4-A567-D678786B7CD7}.Debug|Win32.ActiveCfg = Debug|Any CPU
		{76E7AD7F-7526-48E4-A567-D678786B7CD7}.Debug|Win32.Build.0 = Debug|Any CPU
		{76E7AD7F-7526-48E4-A567-D678786B7CD7}.Debug|x86.ActiveCfg = Debug|Any CPU
		{76E7AD7F-7526-48E4-A567-D678786B7CD7}.Debug|x86.Build.0 = Debug|Any CPU
		{76E7AD7F-7526-48E4-A567-D678786B7CD7}.Release|Any CPU.ActiveCfg = Release|Any CPU
		{76E7AD7F-7526-48E4-A567-D678786B7CD7}.Release|Any CPU.Build.0 = Release|Any CPU
		{76E7AD7F-7526-48E4-A567-D678786B7CD7}.Release|Mixed Platforms.ActiveCfg = Release|Any CPU
		{76E7AD7F-7526-48E4-A567-D678786B7CD7}.Release|Mixed Platforms.Build.0 = Release|Any CPU
		{76E7AD7F-7526-48E4-A567-D678786B7CD7}.Release|Win32.ActiveCfg = Release|Any CPU
		{76E7AD7F-7526-48E4-A567-D678786B7CD7}.Release|Win32.Build.0 = Release|Any CPU
		{76E7AD7F-7526-48E4-A567-D678786B7CD7}.Release|x86.ActiveCfg = Release|Any CPU
		{76E7AD7F-7526-48E4-A567-D678786B7CD7}.Release|x86.Build.0 = Release|Any CPU
		{76E7AD7F-7526-48E4-A567-D678786B7CD7}.WhiteList|Any CPU.ActiveCfg = WhiteList|Any CPU
		{76E7AD7F-7526-48E4-A567-D678786B7CD7}.WhiteList|Any CPU.Build.0 = WhiteList|Any CPU
		{76E7AD7F-7526-48E4-A567-D678786B7CD7}.WhiteList|Mixed Platforms.ActiveCfg = WhiteList|Any CPU
		{76E7AD7F-7526-48E4-A567-D678786B7CD7}.WhiteList|Mixed Platforms.Build.0 = WhiteList|Any CPU
		{76E7AD7F-7526-48E4-A567-D678786B7CD7}.WhiteList|Win32.ActiveCfg = WhiteList|Any CPU
		{76E7AD7F-7526-48E4-A567-D678786B7CD7}.WhiteList|Win32.Build.0 = WhiteList|Any CPU
		{76E7AD7F-7526-48E4-A567-D678786B7CD7}.WhiteList|x86.ActiveCfg = WhiteList|Any CPU
		{76E7AD7F-7526-48E4-A567-D678786B7CD7}.WhiteList|x86.Build.0 = WhiteList|Any CPU
		{8EDF4429-251A-416D-BB68-93F227191BCF}.Debug|Any CPU.ActiveCfg = Debug|Any CPU
		{8EDF4429-251A-416D-BB68-93F227191BCF}.Debug|Any CPU.Build.0 = Debug|Any CPU
		{8EDF4429-251A-416D-BB68-93F227191BCF}.Debug|Mixed Platforms.ActiveCfg = Debug|Any CPU
		{8EDF4429-251A-416D-BB68-93F227191BCF}.Debug|Mixed Platforms.Build.0 = Debug|Any CPU
		{8EDF4429-251A-416D-BB68-93F227191BCF}.Debug|Win32.ActiveCfg = Debug|Any CPU
		{8EDF4429-251A-416D-BB68-93F227191BCF}.Debug|Win32.Build.0 = Debug|Any CPU
		{8EDF4429-251A-416D-BB68-93F227191BCF}.Debug|x86.ActiveCfg = Debug|Any CPU
		{8EDF4429-251A-416D-BB68-93F227191BCF}.Debug|x86.Build.0 = Debug|Any CPU
		{8EDF4429-251A-416D-BB68-93F227191BCF}.Release|Any CPU.ActiveCfg = Release|Any CPU
		{8EDF4429-251A-416D-BB68-93F227191BCF}.Release|Any CPU.Build.0 = Release|Any CPU
		{8EDF4429-251A-416D-BB68-93F227191BCF}.Release|Mixed Platforms.ActiveCfg = Release|Any CPU
		{8EDF4429-251A-416D-BB68-93F227191BCF}.Release|Mixed Platforms.Build.0 = Release|Any CPU
		{8EDF4429-251A-416D-BB68-93F227191BCF}.Release|Win32.ActiveCfg = Release|Any CPU
		{8EDF4429-251A-416D-BB68-93F227191BCF}.Release|Win32.Build.0 = Release|Any CPU
		{8EDF4429-251A-416D-BB68-93F227191BCF}.Release|x86.ActiveCfg = Release|Any CPU
		{8EDF4429-251A-416D-BB68-93F227191BCF}.Release|x86.Build.0 = Release|Any CPU
		{8EDF4429-251A-416D-BB68-93F227191BCF}.WhiteList|Any CPU.ActiveCfg = Release|Any CPU
		{8EDF4429-251A-416D-BB68-93F227191BCF}.WhiteList|Mixed Platforms.ActiveCfg = Release|Any CPU
		{8EDF4429-251A-416D-BB68-93F227191BCF}.WhiteList|Mixed Platforms.Build.0 = Release|Any CPU
		{8EDF4429-251A-416D-BB68-93F227191BCF}.WhiteList|Win32.ActiveCfg = Release|Any CPU
		{8EDF4429-251A-416D-BB68-93F227191BCF}.WhiteList|x86.ActiveCfg = Release|Any CPU
	EndGlobalSection
	GlobalSection(SolutionProperties) = preSolution
		HideSolutionNode = FALSE
	EndGlobalSection
	GlobalSection(ExtensibilityGlobals) = postSolution
		SolutionGuid = {FAF45EEF-8D91-4D67-BA4B-73115C582617}
	EndGlobalSection
EndGlobal
